{
  "version": 4,
  "terraform_version": "1.5.3",
  "serial": 3,
  "lineage": "8d1e9887-e2d9-9c0f-d158-7770f1b3a100",
  "outputs": {},
  "resources": [
    {
      "mode": "managed",
      "type": "local_file",
      "name": "name1",
      "provider": "provider[\"registry.terraform.io/hashicorp/local\"]",
      "instances": [
        {
          "schema_version": 0,
          "attributes": {
            "content": "just terraform checking",
            "content_base64": null,
            "content_base64sha256": "qWkLPsxVFiBpeyQdzF+eNhTzMlUp/qYmGw/X0rm9DjU=",
            "content_base64sha512": "nMrCVw0sdsd6zSw867Avpivlr3j/pNfkos240usTwcjCowALTX2o8COXaMI1RM8QKpECFRv7t8T4woao2cTylw==",
            "content_md5": "f25cae67239eab2a470c902ab8dd8b5f",
            "content_sha1": "0fe41e53f788a6f79e51bd8b333f60dd28bd1bbd",
            "content_sha256": "a9690b3ecc551620697b241dcc5f9e3614f3325529fea6261b0fd7d2b9bd0e35",
            "content_sha512": "9ccac2570d2c76c77acd2c3cebb02fa62be5af78ffa4d7e4a2cdb8d2eb13c1c8c2a3000b4d7da8f0239768c23544cf102a9102151bfbb7c4f8c286a8d9c4f297",
            "directory_permission": "0777",
            "file_permission": "0777",
            "filename": "/deletethefile.txt",
            "id": "0fe41e53f788a6f79e51bd8b333f60dd28bd1bbd",
            "sensitive_content": null,
            "source": null
          },
          "sensitive_attributes": []
        }
      ]
    }
  ],
  "check_results": null
}
